
Microsoft Visual Studio Solution File, Format Version 12.00
# Visual Studio Version 17
VisualStudioVersion = 17.9.34728.123
MinimumVisualStudioVersion = 10.0.40219.1
Project("{FAE04EC0-301F-11D3-BF4B-00C04F79EFBC}") = "calculadoralambda", "calculadoralambda\calculadoralambda.csproj", "{E8EA7E1B-A323-4066-B58B-6479AD197297}"
EndProject
Global
	GlobalSection(SolutionConfigurationPlatforms) = preSolution
		Debug|Any CPU = Debug|Any CPU
		Release|Any CPU = Release|Any CPU
	EndGlobalSection
	GlobalSection(ProjectConfigurationPlatforms) = postSolution
		{E8EA7E1B-A323-4066-B58B-6479AD197297}.Debug|Any CPU.ActiveCfg = Debug|Any CPU
		{E8EA7E1B-A323-4066-B58B-6479AD197297}.Debug|Any CPU.Build.0 = Debug|Any CPU
		{E8EA7E1B-A323-4066-B58B-6479AD197297}.Release|Any CPU.ActiveCfg = Release|Any CPU
		{E8EA7E1B-A323-4066-B58B-6479AD197297}.Release|Any CPU.Build.0 = Release|Any CPU
	EndGlobalSection
	GlobalSection(SolutionProperties) = preSolution
		HideSolutionNode = FALSE
	EndGlobalSection
	GlobalSection(ExtensibilityGlobals) = postSolution
		SolutionGuid = {49BD6FC2-A776-4BED-9FB3-1E3E77F3374E}
	EndGlobalSection
EndGlobal
